
Microsoft Visual Studio Solution File, Format Version 12.00
# Visual Studio Version 16
VisualStudioVersion = 16.0.31702.278
MinimumVisualStudioVersion = 10.0.40219.1
Project("{FAE04EC0-301F-11D3-BF4B-00C04F79EFBC}") = "Kargo Calculation", "Kargo Calculation\Kargo Calculation.csproj", "{038320AE-D80C-4680-87C5-2AFB57172AF9}"
EndProject
Global
	GlobalSection(SolutionConfigurationPlatforms) = preSolution
		Debug|Any CPU = Debug|Any CPU
		Release|Any CPU = Release|Any CPU
	EndGlobalSection
	GlobalSection(ProjectConfigurationPlatforms) = postSolution
		{038320AE-D80C-4680-87C5-2AFB57172AF9}.Debug|Any CPU.ActiveCfg = Debug|Any CPU
		{038320AE-D80C-4680-87C5-2AFB57172AF9}.Debug|Any CPU.Build.0 = Debug|Any CPU
		{038320AE-D80C-4680-87C5-2AFB57172AF9}.Release|Any CPU.ActiveCfg = Release|Any CPU
		{038320AE-D80C-4680-87C5-2AFB57172AF9}.Release|Any CPU.Build.0 = Release|Any CPU
	EndGlobalSection
	GlobalSection(SolutionProperties) = preSolution
		HideSolutionNode = FALSE
	EndGlobalSection
	GlobalSection(ExtensibilityGlobals) = postSolution
		SolutionGuid = {A68DA7F7-7485-45F9-950C-393F77FBAA55}
	EndGlobalSection
EndGlobal
